<?xml version="1.0" encoding="utf-8"?>
<Project ToolsVersion="17.0" xmlns="http://schemas.microsoft.com/developer/msbuild/2003">
  <ItemGroup>
    <CustomBuild Include="C:\Users\otsol\source\repos\Rehti\CMakeFiles\bb6935a749962932b5719658860196fd\generate.stamp.rule">
      <Filter>CMake Rules</Filter>
    </CustomBuild>
  </ItemGroup>
  <ItemGroup>
    <Filter Include="CMake Rules">
      <UniqueIdentifier>{521605AA-64A9-3D71-878D-3682EE40560F}</UniqueIdentifier>
    </Filter>
  </ItemGroup>
</Project>
