
Microsoft Visual Studio Solution File, Format Version 12.00
# Visual Studio Version 17
Project("{2150E333-8FDC-42A3-9474-1A3956D46DE8}") = "CMakePredefinedTargets", "CMakePredefinedTargets", "{B3BA0A8E-F94D-32F2-9256-E468943D6C70}"
EndProject
Project("{2150E333-8FDC-42A3-9474-1A3956D46DE8}") = "GLFW3", "GLFW3", "{CAE2FC69-EE56-337B-92C6-EF2292F4E18B}"
EndProject
Project("{8BC9CEB8-8B4A-11D0-8D11-00A0C91BC942}") = "ALL_BUILD", "ALL_BUILD.vcxproj", "{F06BC459-1E76-3B42-A66E-914E43A775CC}"
	ProjectSection(ProjectDependencies) = postProject
		{351E4A3D-EFB1-30C3-8529-45CFF6A43073} = {351E4A3D-EFB1-30C3-8529-45CFF6A43073}
		{9C9BA7D3-3315-3E72-A9FE-8DD12274BB3C} = {9C9BA7D3-3315-3E72-A9FE-8DD12274BB3C}
	EndProjectSection
EndProject
Project("{8BC9CEB8-8B4A-11D0-8D11-00A0C91BC942}") = "INSTALL", "INSTALL.vcxproj", "{A772FB45-05AA-3D63-B785-9A0B5E992A40}"
	ProjectSection(ProjectDependencies) = postProject
		{F06BC459-1E76-3B42-A66E-914E43A775CC} = {F06BC459-1E76-3B42-A66E-914E43A775CC}
		{351E4A3D-EFB1-30C3-8529-45CFF6A43073} = {351E4A3D-EFB1-30C3-8529-45CFF6A43073}
	EndProjectSection
EndProject
Project("{8BC9CEB8-8B4A-11D0-8D11-00A0C91BC942}") = "ZERO_CHECK", "..\\ZERO_CHECK.vcxproj", "{351E4A3D-EFB1-30C3-8529-45CFF6A43073}"
	ProjectSection(ProjectDependencies) = postProject
	EndProjectSection
EndProject
Project("{8BC9CEB8-8B4A-11D0-8D11-00A0C91BC942}") = "engine", "engine.vcxproj", "{9C9BA7D3-3315-3E72-A9FE-8DD12274BB3C}"
	ProjectSection(ProjectDependencies) = postProject
		{351E4A3D-EFB1-30C3-8529-45CFF6A43073} = {351E4A3D-EFB1-30C3-8529-45CFF6A43073}
		{C5BEB1AC-D9B3-39D7-B9F3-3DCC3E6AB7D6} = {C5BEB1AC-D9B3-39D7-B9F3-3DCC3E6AB7D6}
	EndProjectSection
EndProject
Project("{8BC9CEB8-8B4A-11D0-8D11-00A0C91BC942}") = "glfw", "..\thirdParty\glfw-build\src\glfw.vcxproj", "{C5BEB1AC-D9B3-39D7-B9F3-3DCC3E6AB7D6}"
	ProjectSection(ProjectDependencies) = postProject
		{351E4A3D-EFB1-30C3-8529-45CFF6A43073} = {351E4A3D-EFB1-30C3-8529-45CFF6A43073}
	EndProjectSection
EndProject
Global
	GlobalSection(SolutionConfigurationPlatforms) = preSolution
		Debug|x64 = Debug|x64
		Release|x64 = Release|x64
		MinSizeRel|x64 = MinSizeRel|x64
		RelWithDebInfo|x64 = RelWithDebInfo|x64
	EndGlobalSection
	GlobalSection(ProjectConfigurationPlatforms) = postSolution
		{F06BC459-1E76-3B42-A66E-914E43A775CC}.Debug|x64.ActiveCfg = Debug|x64
		{F06BC459-1E76-3B42-A66E-914E43A775CC}.Debug|x64.Build.0 = Debug|x64
		{F06BC459-1E76-3B42-A66E-914E43A775CC}.Release|x64.ActiveCfg = Release|x64
		{F06BC459-1E76-3B42-A66E-914E43A775CC}.Release|x64.Build.0 = Release|x64
		{F06BC459-1E76-3B42-A66E-914E43A775CC}.MinSizeRel|x64.ActiveCfg = MinSizeRel|x64
		{F06BC459-1E76-3B42-A66E-914E43A775CC}.MinSizeRel|x64.Build.0 = MinSizeRel|x64
		{F06BC459-1E76-3B42-A66E-914E43A775CC}.RelWithDebInfo|x64.ActiveCfg = RelWithDebInfo|x64
		{F06BC459-1E76-3B42-A66E-914E43A775CC}.RelWithDebInfo|x64.Build.0 = RelWithDebInfo|x64
		{A772FB45-05AA-3D63-B785-9A0B5E992A40}.Debug|x64.ActiveCfg = Debug|x64
		{A772FB45-05AA-3D63-B785-9A0B5E992A40}.Release|x64.ActiveCfg = Release|x64
		{A772FB45-05AA-3D63-B785-9A0B5E992A40}.MinSizeRel|x64.ActiveCfg = MinSizeRel|x64
		{A772FB45-05AA-3D63-B785-9A0B5E992A40}.RelWithDebInfo|x64.ActiveCfg = RelWithDebInfo|x64
		{351E4A3D-EFB1-30C3-8529-45CFF6A43073}.Debug|x64.ActiveCfg = Debug|x64
		{351E4A3D-EFB1-30C3-8529-45CFF6A43073}.Debug|x64.Build.0 = Debug|x64
		{351E4A3D-EFB1-30C3-8529-45CFF6A43073}.Release|x64.ActiveCfg = Release|x64
		{351E4A3D-EFB1-30C3-8529-45CFF6A43073}.Release|x64.Build.0 = Release|x64
		{351E4A3D-EFB1-30C3-8529-45CFF6A43073}.MinSizeRel|x64.ActiveCfg = MinSizeRel|x64
		{351E4A3D-EFB1-30C3-8529-45CFF6A43073}.MinSizeRel|x64.Build.0 = MinSizeRel|x64
		{351E4A3D-EFB1-30C3-8529-45CFF6A43073}.RelWithDebInfo|x64.ActiveCfg = RelWithDebInfo|x64
		{351E4A3D-EFB1-30C3-8529-45CFF6A43073}.RelWithDebInfo|x64.Build.0 = RelWithDebInfo|x64
		{9C9BA7D3-3315-3E72-A9FE-8DD12274BB3C}.Debug|x64.ActiveCfg = Debug|x64
		{9C9BA7D3-3315-3E72-A9FE-8DD12274BB3C}.Debug|x64.Build.0 = Debug|x64
		{9C9BA7D3-3315-3E72-A9FE-8DD12274BB3C}.Release|x64.ActiveCfg = Release|x64
		{9C9BA7D3-3315-3E72-A9FE-8DD12274BB3C}.Release|x64.Build.0 = Release|x64
		{9C9BA7D3-3315-3E72-A9FE-8DD12274BB3C}.MinSizeRel|x64.ActiveCfg = MinSizeRel|x64
		{9C9BA7D3-3315-3E72-A9FE-8DD12274BB3C}.MinSizeRel|x64.Build.0 = MinSizeRel|x64
		{9C9BA7D3-3315-3E72-A9FE-8DD12274BB3C}.RelWithDebInfo|x64.ActiveCfg = RelWithDebInfo|x64
		{9C9BA7D3-3315-3E72-A9FE-8DD12274BB3C}.RelWithDebInfo|x64.Build.0 = RelWithDebInfo|x64
		{C5BEB1AC-D9B3-39D7-B9F3-3DCC3E6AB7D6}.Debug|x64.ActiveCfg = Debug|x64
		{C5BEB1AC-D9B3-39D7-B9F3-3DCC3E6AB7D6}.Debug|x64.Build.0 = Debug|x64
		{C5BEB1AC-D9B3-39D7-B9F3-3DCC3E6AB7D6}.Release|x64.ActiveCfg = Release|x64
		{C5BEB1AC-D9B3-39D7-B9F3-3DCC3E6AB7D6}.Release|x64.Build.0 = Release|x64
		{C5BEB1AC-D9B3-39D7-B9F3-3DCC3E6AB7D6}.MinSizeRel|x64.ActiveCfg = MinSizeRel|x64
		{C5BEB1AC-D9B3-39D7-B9F3-3DCC3E6AB7D6}.MinSizeRel|x64.Build.0 = MinSizeRel|x64
		{C5BEB1AC-D9B3-39D7-B9F3-3DCC3E6AB7D6}.RelWithDebInfo|x64.ActiveCfg = RelWithDebInfo|x64
		{C5BEB1AC-D9B3-39D7-B9F3-3DCC3E6AB7D6}.RelWithDebInfo|x64.Build.0 = RelWithDebInfo|x64
	EndGlobalSection
	GlobalSection(NestedProjects) = preSolution
		{F06BC459-1E76-3B42-A66E-914E43A775CC} = {B3BA0A8E-F94D-32F2-9256-E468943D6C70}
		{A772FB45-05AA-3D63-B785-9A0B5E992A40} = {B3BA0A8E-F94D-32F2-9256-E468943D6C70}
		{351E4A3D-EFB1-30C3-8529-45CFF6A43073} = {B3BA0A8E-F94D-32F2-9256-E468943D6C70}
		{C5BEB1AC-D9B3-39D7-B9F3-3DCC3E6AB7D6} = {CAE2FC69-EE56-337B-92C6-EF2292F4E18B}
	EndGlobalSection
	GlobalSection(ExtensibilityGlobals) = postSolution
		SolutionGuid = {66286C87-FB8C-30DB-9125-DDB8E2220BBF}
	EndGlobalSection
	GlobalSection(ExtensibilityAddIns) = postSolution
	EndGlobalSection
EndGlobal
