
Microsoft Visual Studio Solution File, Format Version 12.00
# Visual Studio Version 17
Project("{8BC9CEB8-8B4A-11D0-8D11-00A0C91BC942}") = "ALL_BUILD", "ALL_BUILD.vcxproj", "{4755A2D1-BE19-3D0C-B6A5-2C432A9F8666}"
	ProjectSection(ProjectDependencies) = postProject
		{B6EB9CB6-1182-3D52-A272-9B1A30A1B0FC} = {B6EB9CB6-1182-3D52-A272-9B1A30A1B0FC}
		{920DA8E4-42F6-3DE2-8A01-C551B6AB4204} = {920DA8E4-42F6-3DE2-8A01-C551B6AB4204}
	EndProjectSection
EndProject
Project("{8BC9CEB8-8B4A-11D0-8D11-00A0C91BC942}") = "ZERO_CHECK", "..\\ZERO_CHECK.vcxproj", "{B6EB9CB6-1182-3D52-A272-9B1A30A1B0FC}"
	ProjectSection(ProjectDependencies) = postProject
	EndProjectSection
EndProject
Project("{8BC9CEB8-8B4A-11D0-8D11-00A0C91BC942}") = "editor", "editor.vcxproj", "{920DA8E4-42F6-3DE2-8A01-C551B6AB4204}"
	ProjectSection(ProjectDependencies) = postProject
		{B6EB9CB6-1182-3D52-A272-9B1A30A1B0FC} = {B6EB9CB6-1182-3D52-A272-9B1A30A1B0FC}
		{282CBB9A-1443-3026-84E6-53B9E7CEDF6C} = {282CBB9A-1443-3026-84E6-53B9E7CEDF6C}
	EndProjectSection
EndProject
Project("{8BC9CEB8-8B4A-11D0-8D11-00A0C91BC942}") = "engine", "..\engine\engine.vcxproj", "{282CBB9A-1443-3026-84E6-53B9E7CEDF6C}"
	ProjectSection(ProjectDependencies) = postProject
		{B6EB9CB6-1182-3D52-A272-9B1A30A1B0FC} = {B6EB9CB6-1182-3D52-A272-9B1A30A1B0FC}
	EndProjectSection
EndProject
Global
	GlobalSection(SolutionConfigurationPlatforms) = preSolution
		Debug|x64 = Debug|x64
		Release|x64 = Release|x64
		MinSizeRel|x64 = MinSizeRel|x64
		RelWithDebInfo|x64 = RelWithDebInfo|x64
	EndGlobalSection
	GlobalSection(ProjectConfigurationPlatforms) = postSolution
		{4755A2D1-BE19-3D0C-B6A5-2C432A9F8666}.Debug|x64.ActiveCfg = Debug|x64
		{4755A2D1-BE19-3D0C-B6A5-2C432A9F8666}.Release|x64.ActiveCfg = Release|x64
		{4755A2D1-BE19-3D0C-B6A5-2C432A9F8666}.MinSizeRel|x64.ActiveCfg = MinSizeRel|x64
		{4755A2D1-BE19-3D0C-B6A5-2C432A9F8666}.RelWithDebInfo|x64.ActiveCfg = RelWithDebInfo|x64
		{B6EB9CB6-1182-3D52-A272-9B1A30A1B0FC}.Debug|x64.ActiveCfg = Debug|x64
		{B6EB9CB6-1182-3D52-A272-9B1A30A1B0FC}.Debug|x64.Build.0 = Debug|x64
		{B6EB9CB6-1182-3D52-A272-9B1A30A1B0FC}.Release|x64.ActiveCfg = Release|x64
		{B6EB9CB6-1182-3D52-A272-9B1A30A1B0FC}.Release|x64.Build.0 = Release|x64
		{B6EB9CB6-1182-3D52-A272-9B1A30A1B0FC}.MinSizeRel|x64.ActiveCfg = MinSizeRel|x64
		{B6EB9CB6-1182-3D52-A272-9B1A30A1B0FC}.MinSizeRel|x64.Build.0 = MinSizeRel|x64
		{B6EB9CB6-1182-3D52-A272-9B1A30A1B0FC}.RelWithDebInfo|x64.ActiveCfg = RelWithDebInfo|x64
		{B6EB9CB6-1182-3D52-A272-9B1A30A1B0FC}.RelWithDebInfo|x64.Build.0 = RelWithDebInfo|x64
		{920DA8E4-42F6-3DE2-8A01-C551B6AB4204}.Debug|x64.ActiveCfg = Debug|x64
		{920DA8E4-42F6-3DE2-8A01-C551B6AB4204}.Debug|x64.Build.0 = Debug|x64
		{920DA8E4-42F6-3DE2-8A01-C551B6AB4204}.Release|x64.ActiveCfg = Release|x64
		{920DA8E4-42F6-3DE2-8A01-C551B6AB4204}.Release|x64.Build.0 = Release|x64
		{920DA8E4-42F6-3DE2-8A01-C551B6AB4204}.MinSizeRel|x64.ActiveCfg = MinSizeRel|x64
		{920DA8E4-42F6-3DE2-8A01-C551B6AB4204}.MinSizeRel|x64.Build.0 = MinSizeRel|x64
		{920DA8E4-42F6-3DE2-8A01-C551B6AB4204}.RelWithDebInfo|x64.ActiveCfg = RelWithDebInfo|x64
		{920DA8E4-42F6-3DE2-8A01-C551B6AB4204}.RelWithDebInfo|x64.Build.0 = RelWithDebInfo|x64
		{282CBB9A-1443-3026-84E6-53B9E7CEDF6C}.Debug|x64.ActiveCfg = Debug|x64
		{282CBB9A-1443-3026-84E6-53B9E7CEDF6C}.Debug|x64.Build.0 = Debug|x64
		{282CBB9A-1443-3026-84E6-53B9E7CEDF6C}.Release|x64.ActiveCfg = Release|x64
		{282CBB9A-1443-3026-84E6-53B9E7CEDF6C}.Release|x64.Build.0 = Release|x64
		{282CBB9A-1443-3026-84E6-53B9E7CEDF6C}.MinSizeRel|x64.ActiveCfg = MinSizeRel|x64
		{282CBB9A-1443-3026-84E6-53B9E7CEDF6C}.MinSizeRel|x64.Build.0 = MinSizeRel|x64
		{282CBB9A-1443-3026-84E6-53B9E7CEDF6C}.RelWithDebInfo|x64.ActiveCfg = RelWithDebInfo|x64
		{282CBB9A-1443-3026-84E6-53B9E7CEDF6C}.RelWithDebInfo|x64.Build.0 = RelWithDebInfo|x64
	EndGlobalSection
	GlobalSection(ExtensibilityGlobals) = postSolution
		SolutionGuid = {FD53EC47-0CA5-3A6A-9110-9991C324D482}
	EndGlobalSection
	GlobalSection(ExtensibilityAddIns) = postSolution
	EndGlobalSection
EndGlobal
